schema: '2.0'
stages:
  fetching_scans:
    cmd: python src/data/download_dataset.py
    deps:
    - path: src/data/download_dataset.py
      hash: md5
      md5: c5a8a8577e3cb30017239351b67c4d6c
      size: 611
  processing:
    cmd: python src/features/preprocess.py
    deps:
    - path: data/raw/HC_T1.zip
      hash: md5
      md5: 31a2b511e5b5f487de18cabfc1b181dd
      size: 1202626154
    - path: data/raw/bvFTD_T1.zip
      hash: md5
      md5: b77a3e66225b96bddd4a1c544f54101f
      size: 549615051
    - path: src/features/preprocess.py
      hash: md5
      md5: 37e646cbc0781b170824b1bb1ecc5471
      size: 588
  training:
    cmd: python src/train/train.py
    deps:
    - path: src/train/train.py
      hash: md5
      md5: 6cd593034f83c56fb1b2df168bbbc1a8
      size: 2639
